
Microsoft Visual Studio Solution File, Format Version 12.00
# Visual Studio Version 16
VisualStudioVersion = 16.0.31112.23
MinimumVisualStudioVersion = 10.0.40219.1
Project("{8BC9CEB8-8B4A-11D0-8D11-00A0C91BC942}") = "Targil2", "Targil2.vcxproj", "{921D7DC3-FE61-4979-9771-8FCD5A11CFF2}"
EndProject
Global
	GlobalSection(SolutionConfigurationPlatforms) = preSolution
		Debug|x64 = Debug|x64
		Debug|x86 = Debug|x86
		Release|x64 = Release|x64
		Release|x86 = Release|x86
	EndGlobalSection
	GlobalSection(ProjectConfigurationPlatforms) = postSolution
		{921D7DC3-FE61-4979-9771-8FCD5A11CFF2}.Debug|x64.ActiveCfg = Debug|x64
		{921D7DC3-FE61-4979-9771-8FCD5A11CFF2}.Debug|x64.Build.0 = Debug|x64
		{921D7DC3-FE61-4979-9771-8FCD5A11CFF2}.Debug|x86.ActiveCfg = Debug|Win32
		{921D7DC3-FE61-4979-9771-8FCD5A11CFF2}.Debug|x86.Build.0 = Debug|Win32
		{921D7DC3-FE61-4979-9771-8FCD5A11CFF2}.Release|x64.ActiveCfg = Release|x64
		{921D7DC3-FE61-4979-9771-8FCD5A11CFF2}.Release|x64.Build.0 = Release|x64
		{921D7DC3-FE61-4979-9771-8FCD5A11CFF2}.Release|x86.ActiveCfg = Release|Win32
		{921D7DC3-FE61-4979-9771-8FCD5A11CFF2}.Release|x86.Build.0 = Release|Win32
	EndGlobalSection
	GlobalSection(SolutionProperties) = preSolution
		HideSolutionNode = FALSE
	EndGlobalSection
	GlobalSection(ExtensibilityGlobals) = postSolution
		SolutionGuid = {FA6E9EBC-90C2-41E3-AD71-BAD5D2C83441}
	EndGlobalSection
EndGlobal
